{
  "version": 4,
  "terraform_version": "1.3.7",
  "serial": 17,
  "lineage": "43da50a6-3927-618c-7131-efc73d945808",
  "outputs": {},
  "resources": [
    {
      "mode": "managed",
      "type": "aws_s3_bucket",
      "name": "d",
      "provider": "provider[\"registry.terraform.io/hashicorp/aws\"]",
      "instances": [
        {
          "schema_version": 0,
          "attributes": {
            "acceleration_status": "",
            "acl": null,
            "arn": "arn:aws:s3:::buckedzzz11a",
            "bucket": "buckedzzz11a",
            "bucket_domain_name": "buckedzzz11a.s3.amazonaws.com",
            "bucket_prefix": null,
            "bucket_regional_domain_name": "buckedzzz11a.s3.amazonaws.com",
            "cors_rule": [],
            "force_destroy": false,
            "grant": [
              {
                "id": "4eee3cdb57cb4e42f35cbf061635f28d75700865c7ad3747e2ecbd53b548d1ff",
                "permissions": [
                  "FULL_CONTROL"
                ],
                "type": "CanonicalUser",
                "uri": ""
              }
            ],
            "hosted_zone_id": "Z3AQBSTGFYJSTF",
            "id": "buckedzzz11a",
            "lifecycle_rule": [],
            "logging": [],
            "object_lock_configuration": [],
            "object_lock_enabled": false,
            "policy": "",
            "region": "us-east-1",
            "replication_configuration": [],
            "request_payer": "BucketOwner",
            "server_side_encryption_configuration": [],
            "tags": {
              "Environment": "Dev",
              "Name": "My bucket",
              "Projeto": "Terraform Project"
            },
            "tags_all": {
              "Environment": "Dev",
              "Name": "My bucket",
              "Projeto": "Terraform Project"
            },
            "timeouts": null,
            "versioning": [
              {
                "enabled": false,
                "mfa_delete": false
              }
            ],
            "website": [],
            "website_domain": null,
            "website_endpoint": null
          },
          "sensitive_attributes": [],
          "private": "eyJlMmJmYjczMC1lY2FhLTExZTYtOGY4OC0zNDM2M2JjN2M0YzAiOnsiY3JlYXRlIjoxMjAwMDAwMDAwMDAwLCJkZWxldGUiOjM2MDAwMDAwMDAwMDAsInJlYWQiOjEyMDAwMDAwMDAwMDAsInVwZGF0ZSI6MTIwMDAwMDAwMDAwMH19"
        }
      ]
    },
    {
      "mode": "managed",
      "type": "aws_s3_bucket_acl",
      "name": "example",
      "provider": "provider[\"registry.terraform.io/hashicorp/aws\"]",
      "instances": [
        {
          "schema_version": 0,
          "attributes": {
            "access_control_policy": [
              {
                "grant": [
                  {
                    "grantee": [
                      {
                        "display_name": "aws",
                        "email_address": "",
                        "id": "4eee3cdb57cb4e42f35cbf061635f28d75700865c7ad3747e2ecbd53b548d1ff",
                        "type": "CanonicalUser",
                        "uri": ""
                      }
                    ],
                    "permission": "FULL_CONTROL"
                  }
                ],
                "owner": [
                  {
                    "display_name": "aws",
                    "id": "4eee3cdb57cb4e42f35cbf061635f28d75700865c7ad3747e2ecbd53b548d1ff"
                  }
                ]
              }
            ],
            "acl": "private",
            "bucket": "buckedzzz11a",
            "expected_bucket_owner": "",
            "id": "buckedzzz11a,private"
          },
          "sensitive_attributes": [],
          "private": "bnVsbA==",
          "dependencies": [
            "aws_s3_bucket.d"
          ]
        }
      ]
    }
  ],
  "check_results": null
}
